<?xml version="1.0" encoding="utf-8"?>
<Project ToolsVersion="14.0" xmlns="http://schemas.microsoft.com/developer/msbuild/2003">
  <ItemGroup>
    <ClCompile Include="Crypto\aes256.c">
      <Filter>Source Files</Filter>
    </ClCompile>
    <ClCompile Include="C:\Users\Rocko\Desktop\llvm-3.8.1.src\tools\clang\tools\extra\loop-convert\LoopConvert.cpp" />
    <ClCompile Include="C:\Users\Rocko\Desktop\llvm-3.8.1.src\tools\clang\tools\extra\loop-convert\Utils.cpp" />
    <ClCompile Include="C:\Users\Rocko\Desktop\llvm-3.8.1.src\tools\clang\tools\extra\loop-convert\ClangUtils.cpp" />
    <ClCompile Include="C:\Users\Rocko\Desktop\llvm-3.8.1.src\tools\clang\tools\extra\loop-convert\Compiler.cpp" />
    <ClCompile Include="C:\Users\Rocko\Desktop\llvm-3.8.1.src\tools\clang\tools\extra\loop-convert\FunctionData.cpp" />
    <ClCompile Include="C:\Users\Rocko\Desktop\llvm-3.8.1.src\tools\clang\tools\extra\loop-convert\Script.cpp" />
    <ClCompile Include="C:\Users\Rocko\Desktop\llvm-3.8.1.src\tools\clang\tools\extra\loop-convert\Opcode.cpp" />
    <ClCompile Include="C:\Users\Rocko\Desktop\llvm-3.8.1.src\tools\clang\tools\extra\loop-convert\StaticData.cpp" />
  </ItemGroup>
  <ItemGroup>
    <ClInclude Include="C:\Users\Rocko\Desktop\llvm-3.8.1.src\tools\clang\tools\extra\loop-convert\BuildTarget.h" />
    <ClInclude Include="C:\Users\Rocko\Desktop\llvm-3.8.1.src\tools\clang\tools\extra\loop-convert\ClangUtils.h" />
    <ClInclude Include="C:\Users\Rocko\Desktop\llvm-3.8.1.src\tools\clang\tools\extra\loop-convert\Compiler.h" />
    <ClInclude Include="C:\Users\Rocko\Desktop\llvm-3.8.1.src\tools\clang\tools\extra\loop-convert\ConsoleColor.h" />
    <ClInclude Include="C:\Users\Rocko\Desktop\llvm-3.8.1.src\tools\clang\tools\extra\loop-convert\ConstExpr.h" />
    <ClInclude Include="C:\Users\Rocko\Desktop\llvm-3.8.1.src\tools\clang\tools\extra\loop-convert\FunctionData.h" />
    <ClInclude Include="C:\Users\Rocko\Desktop\llvm-3.8.1.src\tools\clang\tools\extra\loop-convert\Opcode.h" />
    <ClInclude Include="C:\Users\Rocko\Desktop\llvm-3.8.1.src\tools\clang\tools\extra\loop-convert\OpcodeConsts.h" />
    <ClInclude Include="C:\Users\Rocko\Desktop\llvm-3.8.1.src\tools\clang\tools\extra\loop-convert\Script.h" />
    <ClInclude Include="C:\Users\Rocko\Desktop\llvm-3.8.1.src\tools\clang\tools\extra\loop-convert\StaticData.h" />
    <ClInclude Include="C:\Users\Rocko\Desktop\llvm-3.8.1.src\tools\clang\tools\extra\loop-convert\Utils.h" />
    <ClInclude Include="Crypto\aes256.h" />
  </ItemGroup>
  <ItemGroup>
    <CustomBuild Include="C:\Users\Rocko\Desktop\llvm-3.8.1.src\tools\clang\tools\extra\loop-convert\CMakeLists.txt" />
  </ItemGroup>
  <ItemGroup>
    <ResourceCompile Include="C:\Users\Rocko\Desktop\llvm-3.8.1.src\resources\windows_version_resource.rc" />
  </ItemGroup>
  <ItemGroup>
    <Filter Include="Source Files">
      <UniqueIdentifier>{BF444B34-4233-3386-A537-1CE79718E222}</UniqueIdentifier>
    </Filter>
    <Filter Include="Header Files">
      <UniqueIdentifier>{31B10E70-BCE4-3012-A1E4-3976712BA463}</UniqueIdentifier>
    </Filter>
    <Filter Include="Resource Files">
      <UniqueIdentifier>{287000A5-71FF-3C75-B3D5-B995A5A58379}</UniqueIdentifier>
    </Filter>
  </ItemGroup>
  <ItemGroup>
    <None Include=".gitignore" />
  </ItemGroup>
</Project>