
Microsoft Visual Studio Solution File, Format Version 12.00
# Visual Studio 14
VisualStudioVersion = 14.0.25420.1
MinimumVisualStudioVersion = 10.0.40219.1
Project("{8BC9CEB8-8B4A-11D0-8D11-00A0C91BC942}") = "SC-CL", "SC-CL.vcxproj", "{0F0985E6-0DFB-35DB-B69F-AA2EE4029CAA}"
EndProject
Global
	GlobalSection(SolutionConfigurationPlatforms) = preSolution
		Debug AsmMenu|x86 = Debug AsmMenu|x86
		Debug MenuBase|x86 = Debug MenuBase|x86
		Debug|x86 = Debug|x86
		MinSizeRel|x86 = MinSizeRel|x86
		Release|x86 = Release|x86
		RelWithDebInfo|x86 = RelWithDebInfo|x86
	EndGlobalSection
	GlobalSection(ProjectConfigurationPlatforms) = postSolution
		{0F0985E6-0DFB-35DB-B69F-AA2EE4029CAA}.Debug AsmMenu|x86.ActiveCfg = Debug|Win32
		{0F0985E6-0DFB-35DB-B69F-AA2EE4029CAA}.Debug AsmMenu|x86.Build.0 = Debug|Win32
		{0F0985E6-0DFB-35DB-B69F-AA2EE4029CAA}.Debug MenuBase|x86.ActiveCfg = Debug|Win32
		{0F0985E6-0DFB-35DB-B69F-AA2EE4029CAA}.Debug MenuBase|x86.Build.0 = Debug|Win32
		{0F0985E6-0DFB-35DB-B69F-AA2EE4029CAA}.Debug|x86.ActiveCfg = Debug|Win32
		{0F0985E6-0DFB-35DB-B69F-AA2EE4029CAA}.Debug|x86.Build.0 = Debug|Win32
		{0F0985E6-0DFB-35DB-B69F-AA2EE4029CAA}.MinSizeRel|x86.ActiveCfg = MinSizeRel|Win32
		{0F0985E6-0DFB-35DB-B69F-AA2EE4029CAA}.MinSizeRel|x86.Build.0 = MinSizeRel|Win32
		{0F0985E6-0DFB-35DB-B69F-AA2EE4029CAA}.Release|x86.ActiveCfg = Release|Win32
		{0F0985E6-0DFB-35DB-B69F-AA2EE4029CAA}.Release|x86.Build.0 = Release|Win32
		{0F0985E6-0DFB-35DB-B69F-AA2EE4029CAA}.RelWithDebInfo|x86.ActiveCfg = RelWithDebInfo|Win32
		{0F0985E6-0DFB-35DB-B69F-AA2EE4029CAA}.RelWithDebInfo|x86.Build.0 = RelWithDebInfo|Win32
	EndGlobalSection
	GlobalSection(SolutionProperties) = preSolution
		HideSolutionNode = FALSE
	EndGlobalSection
EndGlobal
